
Microsoft Visual Studio Solution File, Format Version 12.00
# Visual Studio Version 16
VisualStudioVersion = 16.0.30413.136
MinimumVisualStudioVersion = 10.0.40219.1
Project("{FAE04EC0-301F-11D3-BF4B-00C04F79EFBC}") = "BookRestService", "BookRestService\BookRestService.csproj", "{DA561231-0949-4370-A6B7-7C8747CF4CDA}"
EndProject
Global
	GlobalSection(SolutionConfigurationPlatforms) = preSolution
		Debug|Any CPU = Debug|Any CPU
		Release|Any CPU = Release|Any CPU
	EndGlobalSection
	GlobalSection(ProjectConfigurationPlatforms) = postSolution
		{DA561231-0949-4370-A6B7-7C8747CF4CDA}.Debug|Any CPU.ActiveCfg = Debug|Any CPU
		{DA561231-0949-4370-A6B7-7C8747CF4CDA}.Debug|Any CPU.Build.0 = Debug|Any CPU
		{DA561231-0949-4370-A6B7-7C8747CF4CDA}.Release|Any CPU.ActiveCfg = Release|Any CPU
		{DA561231-0949-4370-A6B7-7C8747CF4CDA}.Release|Any CPU.Build.0 = Release|Any CPU
	EndGlobalSection
	GlobalSection(SolutionProperties) = preSolution
		HideSolutionNode = FALSE
	EndGlobalSection
	GlobalSection(ExtensibilityGlobals) = postSolution
		SolutionGuid = {1BED61D3-DED0-4668-A5A9-7467CA4FEB90}
	EndGlobalSection
EndGlobal
